
Microsoft Visual Studio Solution File, Format Version 12.00
# Visual Studio Version 17
VisualStudioVersion = 17.9.34723.18
MinimumVisualStudioVersion = 10.0.40219.1
Project("{9A19103F-16F7-4668-BE54-9A1E7A4F7556}") = "RMSWeb", "RMSWeb\RMSWeb.csproj", "{71585675-32CA-4D68-867C-6AE0FF22D4F4}"
EndProject
Project("{9A19103F-16F7-4668-BE54-9A1E7A4F7556}") = "RMS.DataAccess", "RMS.DataAccess\RMS.DataAccess.csproj", "{6D120779-8386-4754-9F9D-F268B04C5B9F}"
EndProject
Project("{9A19103F-16F7-4668-BE54-9A1E7A4F7556}") = "RMS.Models", "RMS.Models\RMS.Models.csproj", "{7D1555EB-E5D8-4BD7-995F-2A517FD3B509}"
EndProject
Project("{9A19103F-16F7-4668-BE54-9A1E7A4F7556}") = "RMS.Utility", "RMS.Utility\RMS.Utility.csproj", "{A728AD40-D3B5-4A6A-8033-1963AB7CC7D5}"
EndProject
Global
	GlobalSection(SolutionConfigurationPlatforms) = preSolution
		Debug|Any CPU = Debug|Any CPU
		Release|Any CPU = Release|Any CPU
	EndGlobalSection
	GlobalSection(ProjectConfigurationPlatforms) = postSolution
		{71585675-32CA-4D68-867C-6AE0FF22D4F4}.Debug|Any CPU.ActiveCfg = Debug|Any CPU
		{71585675-32CA-4D68-867C-6AE0FF22D4F4}.Debug|Any CPU.Build.0 = Debug|Any CPU
		{71585675-32CA-4D68-867C-6AE0FF22D4F4}.Release|Any CPU.ActiveCfg = Release|Any CPU
		{71585675-32CA-4D68-867C-6AE0FF22D4F4}.Release|Any CPU.Build.0 = Release|Any CPU
		{6D120779-8386-4754-9F9D-F268B04C5B9F}.Debug|Any CPU.ActiveCfg = Debug|Any CPU
		{6D120779-8386-4754-9F9D-F268B04C5B9F}.Debug|Any CPU.Build.0 = Debug|Any CPU
		{6D120779-8386-4754-9F9D-F268B04C5B9F}.Release|Any CPU.ActiveCfg = Release|Any CPU
		{6D120779-8386-4754-9F9D-F268B04C5B9F}.Release|Any CPU.Build.0 = Release|Any CPU
		{7D1555EB-E5D8-4BD7-995F-2A517FD3B509}.Debug|Any CPU.ActiveCfg = Debug|Any CPU
		{7D1555EB-E5D8-4BD7-995F-2A517FD3B509}.Debug|Any CPU.Build.0 = Debug|Any CPU
		{7D1555EB-E5D8-4BD7-995F-2A517FD3B509}.Release|Any CPU.ActiveCfg = Release|Any CPU
		{7D1555EB-E5D8-4BD7-995F-2A517FD3B509}.Release|Any CPU.Build.0 = Release|Any CPU
		{A728AD40-D3B5-4A6A-8033-1963AB7CC7D5}.Debug|Any CPU.ActiveCfg = Debug|Any CPU
		{A728AD40-D3B5-4A6A-8033-1963AB7CC7D5}.Debug|Any CPU.Build.0 = Debug|Any CPU
		{A728AD40-D3B5-4A6A-8033-1963AB7CC7D5}.Release|Any CPU.ActiveCfg = Release|Any CPU
		{A728AD40-D3B5-4A6A-8033-1963AB7CC7D5}.Release|Any CPU.Build.0 = Release|Any CPU
	EndGlobalSection
	GlobalSection(SolutionProperties) = preSolution
		HideSolutionNode = FALSE
	EndGlobalSection
	GlobalSection(ExtensibilityGlobals) = postSolution
		SolutionGuid = {ABCA10FD-CAB1-4388-A3ED-DC5E5919313E}
	EndGlobalSection
EndGlobal
